
Microsoft Visual Studio Solution File, Format Version 12.00
# Visual Studio Version 17
VisualStudioVersion = 17.11.35219.272
MinimumVisualStudioVersion = 10.0.40219.1
Project("{FAE04EC0-301F-11D3-BF4B-00C04F79EFBC}") = "Marisa.Api", "Marisa.Api\Marisa.Api.csproj", "{CF571221-6E0E-4A80-B43B-EC50C6F0C8DE}"
EndProject
Project("{FAE04EC0-301F-11D3-BF4B-00C04F79EFBC}") = "Marisa.Application", "Marisa.Application\Marisa.Application.csproj", "{0B4C0A25-7F0B-4618-BFA3-78323EECA90E}"
EndProject
Project("{FAE04EC0-301F-11D3-BF4B-00C04F79EFBC}") = "Marisa.Domain", "Marisa.Domain\Marisa.Domain.csproj", "{B42AEA81-4DFC-4802-991D-A274D0BF5D45}"
EndProject
Project("{FAE04EC0-301F-11D3-BF4B-00C04F79EFBC}") = "Marisa.Infra.Data", "Marisa.Infra.Data\Marisa.Infra.Data.csproj", "{226EB2CB-E638-46CC-BD81-BA59C08795B2}"
EndProject
Project("{FAE04EC0-301F-11D3-BF4B-00C04F79EFBC}") = "Marisa.Infra.IoC", "Marisa.Infra.IoC\Marisa.Infra.IoC.csproj", "{628DE38A-1B52-47BB-A427-E6A8A6960830}"
EndProject
Global
	GlobalSection(SolutionConfigurationPlatforms) = preSolution
		Debug|Any CPU = Debug|Any CPU
		Release|Any CPU = Release|Any CPU
	EndGlobalSection
	GlobalSection(ProjectConfigurationPlatforms) = postSolution
		{CF571221-6E0E-4A80-B43B-EC50C6F0C8DE}.Debug|Any CPU.ActiveCfg = Debug|Any CPU
		{CF571221-6E0E-4A80-B43B-EC50C6F0C8DE}.Debug|Any CPU.Build.0 = Debug|Any CPU
		{CF571221-6E0E-4A80-B43B-EC50C6F0C8DE}.Release|Any CPU.ActiveCfg = Release|Any CPU
		{CF571221-6E0E-4A80-B43B-EC50C6F0C8DE}.Release|Any CPU.Build.0 = Release|Any CPU
		{0B4C0A25-7F0B-4618-BFA3-78323EECA90E}.Debug|Any CPU.ActiveCfg = Debug|Any CPU
		{0B4C0A25-7F0B-4618-BFA3-78323EECA90E}.Debug|Any CPU.Build.0 = Debug|Any CPU
		{0B4C0A25-7F0B-4618-BFA3-78323EECA90E}.Release|Any CPU.ActiveCfg = Release|Any CPU
		{0B4C0A25-7F0B-4618-BFA3-78323EECA90E}.Release|Any CPU.Build.0 = Release|Any CPU
		{B42AEA81-4DFC-4802-991D-A274D0BF5D45}.Debug|Any CPU.ActiveCfg = Debug|Any CPU
		{B42AEA81-4DFC-4802-991D-A274D0BF5D45}.Debug|Any CPU.Build.0 = Debug|Any CPU
		{B42AEA81-4DFC-4802-991D-A274D0BF5D45}.Release|Any CPU.ActiveCfg = Release|Any CPU
		{B42AEA81-4DFC-4802-991D-A274D0BF5D45}.Release|Any CPU.Build.0 = Release|Any CPU
		{226EB2CB-E638-46CC-BD81-BA59C08795B2}.Debug|Any CPU.ActiveCfg = Debug|Any CPU
		{226EB2CB-E638-46CC-BD81-BA59C08795B2}.Debug|Any CPU.Build.0 = Debug|Any CPU
		{226EB2CB-E638-46CC-BD81-BA59C08795B2}.Release|Any CPU.ActiveCfg = Release|Any CPU
		{226EB2CB-E638-46CC-BD81-BA59C08795B2}.Release|Any CPU.Build.0 = Release|Any CPU
		{628DE38A-1B52-47BB-A427-E6A8A6960830}.Debug|Any CPU.ActiveCfg = Debug|Any CPU
		{628DE38A-1B52-47BB-A427-E6A8A6960830}.Debug|Any CPU.Build.0 = Debug|Any CPU
		{628DE38A-1B52-47BB-A427-E6A8A6960830}.Release|Any CPU.ActiveCfg = Release|Any CPU
		{628DE38A-1B52-47BB-A427-E6A8A6960830}.Release|Any CPU.Build.0 = Release|Any CPU
	EndGlobalSection
	GlobalSection(SolutionProperties) = preSolution
		HideSolutionNode = FALSE
	EndGlobalSection
	GlobalSection(ExtensibilityGlobals) = postSolution
		SolutionGuid = {7FF6A332-1E16-4434-9243-15A267148215}
	EndGlobalSection
EndGlobal
